
Microsoft Visual Studio Solution File, Format Version 12.00
# Visual Studio Version 17
VisualStudioVersion = 17.11.35312.102
MinimumVisualStudioVersion = 10.0.40219.1
Project("{2150E333-8FDC-42A3-9474-1A3956D46DE8}") = "Task0", "Task0", "{7266749F-9364-4CE8-98F6-A759546DA393}"
EndProject
Project("{9A19103F-16F7-4668-BE54-9A1E7A4F7556}") = "Tyuiu.FedorovaDA.Sprint5.Task0.V18", "Tyuiu.FedorovaDA.Sprint5.Task0.V18\Tyuiu.FedorovaDA.Sprint5.Task0.V18.csproj", "{0DCCBF55-8ECE-419F-8709-829E0A01D70E}"
EndProject
Project("{9A19103F-16F7-4668-BE54-9A1E7A4F7556}") = "Tyuiu.FedorovaDA.Sprint5.Task0.V18.Lib", "Tyuiu.FedorovaDA.Sprint5.Task0.V18.Lib\Tyuiu.FedorovaDA.Sprint5.Task0.V18.Lib.csproj", "{82A1DC75-B25F-4E0F-A475-CDA298F498A5}"
EndProject
Project("{2150E333-8FDC-42A3-9474-1A3956D46DE8}") = "Task1", "Task1", "{8FD2029D-6DAF-4BF7-A105-4EF350CEB16C}"
EndProject
Project("{9A19103F-16F7-4668-BE54-9A1E7A4F7556}") = "Tyuiu.FedorovaDA.Sprint5.Task1.V27", "Tyuiu.FedorovaDA.Sprint5.Task1.V27\Tyuiu.FedorovaDA.Sprint5.Task1.V27.csproj", "{5DD13E3D-5C7C-41C4-9A74-420B02C1E3A6}"
EndProject
Project("{9A19103F-16F7-4668-BE54-9A1E7A4F7556}") = "Tyuiu.FedorovaDA.Sprint5.Task1.V27.Lib", "Tyuiu.FedorovaDA.Sprint5.Task1.V27.Lib\Tyuiu.FedorovaDA.Sprint5.Task1.V27.Lib.csproj", "{CE9F415D-2CD5-4C5B-8A78-610385C13044}"
EndProject
Project("{2150E333-8FDC-42A3-9474-1A3956D46DE8}") = "Task2", "Task2", "{98157746-6C34-4D45-AE15-F8B62CBB2D0B}"
EndProject
Project("{9A19103F-16F7-4668-BE54-9A1E7A4F7556}") = "Tyuiu.FedorovaDA.Sprint5.Task2.V8", "Tyuiu.FedorovaDA.Sprint5.Task2.V8\Tyuiu.FedorovaDA.Sprint5.Task2.V8.csproj", "{E913B072-7118-43CF-8F2C-D3E0E525DC67}"
EndProject
Project("{9A19103F-16F7-4668-BE54-9A1E7A4F7556}") = "Tyuiu.FedorovaDA.Sprint5.Task2.V8.Lib", "Tyuiu.FedorovaDA.Sprint5.Task2.V8.Lib\Tyuiu.FedorovaDA.Sprint5.Task2.V8.Lib.csproj", "{7AC8E265-C83D-403C-8193-5C60294BAD2C}"
EndProject
Project("{2150E333-8FDC-42A3-9474-1A3956D46DE8}") = "Task3", "Task3", "{93916D2D-A059-40A6-BDBD-9A3FD37A3AE3}"
EndProject
Project("{9A19103F-16F7-4668-BE54-9A1E7A4F7556}") = "Tyuiu.FedorovaDA.Sprint5.Task3.V27", "Tyuiu.FedorovaDA.Sprint5.Task3.V27\Tyuiu.FedorovaDA.Sprint5.Task3.V27.csproj", "{129CA4AF-893E-4175-A2CF-56D1D2FDA755}"
EndProject
Project("{9A19103F-16F7-4668-BE54-9A1E7A4F7556}") = "Tyuiu.FedorovaDA.Sprint5.Task3.V27.Lib", "Tyuiu.FedorovaDA.Sprint5.Task3.V27.Lib\Tyuiu.FedorovaDA.Sprint5.Task3.V27.Lib.csproj", "{5358E8E9-FD65-431C-8377-7FA552948B2B}"
EndProject
Project("{2150E333-8FDC-42A3-9474-1A3956D46DE8}") = "Task6", "Task6", "{522E73EE-9053-4BE4-A070-C6EA09D0F73D}"
EndProject
Project("{9A19103F-16F7-4668-BE54-9A1E7A4F7556}") = "Tyuiu.FedorovaDA.Sprint5.Task6.V30", "Tyuiu.FedorovaDA.Sprint5.Task6.V30\Tyuiu.FedorovaDA.Sprint5.Task6.V30.csproj", "{8B5AEFD6-04D1-40CE-9821-24F2693B8A16}"
EndProject
Project("{9A19103F-16F7-4668-BE54-9A1E7A4F7556}") = "Tyuiu.FedorovaDA.Sprint5.Task6.V30.Lib", "Tyuiu.FedorovaDA.Sprint5.Task6.V30.Lib\Tyuiu.FedorovaDA.Sprint5.Task6.V30.Lib.csproj", "{2941A0B1-FE11-4B58-AACD-EAC23722BFC7}"
EndProject
Project("{2150E333-8FDC-42A3-9474-1A3956D46DE8}") = "Task7", "Task7", "{2617F809-F8E7-4E00-8E55-06872583F3AB}"
EndProject
Project("{9A19103F-16F7-4668-BE54-9A1E7A4F7556}") = "Tyuiu.FedorovaDA.Sprint5.Task7.V12", "Tyuiu.FedorovaDA.Sprint5.Task7.V12\Tyuiu.FedorovaDA.Sprint5.Task7.V12.csproj", "{0EC22700-DDF3-448D-A018-E120AC0A7FD1}"
EndProject
Project("{9A19103F-16F7-4668-BE54-9A1E7A4F7556}") = "Tyuiu.FedorovaDA.Sprint5.Task7.V12.Lib", "Tyuiu.FedorovaDA.Sprint5.Task7.V12.Lib\Tyuiu.FedorovaDA.Sprint5.Task7.V12.Lib.csproj", "{71E2F6DB-77BD-41C6-B320-0E538C54E46E}"
EndProject
Project("{2150E333-8FDC-42A3-9474-1A3956D46DE8}") = "Task4", "Task4", "{BF3ED21D-4757-403E-B90E-8D7322B4B5D7}"
EndProject
Project("{9A19103F-16F7-4668-BE54-9A1E7A4F7556}") = "Tyuiu.FedorovaDA.Sprint5.Task4.V14", "Tyuiu.FedorovaDA.Sprint5.Task4.V14\Tyuiu.FedorovaDA.Sprint5.Task4.V14.csproj", "{5F904A62-9528-4A1C-8E9B-CCB413E827DC}"
EndProject
Project("{9A19103F-16F7-4668-BE54-9A1E7A4F7556}") = "Tyuiu.FedorovaDA.Sprint5.Task4.V14.Lib", "Tyuiu.FedorovaDA.Sprint5.Task4.V14.Lib\Tyuiu.FedorovaDA.Sprint5.Task4.V14.Lib.csproj", "{7EC775C0-0163-4242-AB24-15474F5C2CE5}"
EndProject
Project("{9A19103F-16F7-4668-BE54-9A1E7A4F7556}") = "Tyuiu.FedorovaDA.Sprint5.Task4.V14.Test", "Tyuiu.FedorovaDA.Sprint5.Task4.V14.Test\Tyuiu.FedorovaDA.Sprint5.Task4.V14.Test.csproj", "{2AF6056B-AEC3-402C-8437-30CE924E8550}"
EndProject
Project("{2150E333-8FDC-42A3-9474-1A3956D46DE8}") = "Task5", "Task5", "{75035D69-8B02-4977-838E-0866FAE8D45C}"
EndProject
Project("{9A19103F-16F7-4668-BE54-9A1E7A4F7556}") = "Tyuiu.FedorovaDA.Sprint5.Task5.V2", "Tyuiu.FedorovaDA.Sprint5.Task5.V2\Tyuiu.FedorovaDA.Sprint5.Task5.V2.csproj", "{E347A2C8-2A24-4F9B-AF74-EBF566C410CA}"
EndProject
Project("{9A19103F-16F7-4668-BE54-9A1E7A4F7556}") = "Tyuiu.FedorovaDA.Sprint5.Task5.V2.Lib", "Tyuiu.FedorovaDA.Sprint5.Task5.V2.Lib\Tyuiu.FedorovaDA.Sprint5.Task5.V2.Lib.csproj", "{17DD5A77-629B-475A-B180-2D332917CC60}"
EndProject
Project("{9A19103F-16F7-4668-BE54-9A1E7A4F7556}") = "Tyuiu.FedorovaDA.Sprint5.Task5.V2.Test", "Tyuiu.FedorovaDA.Sprint5.Task5.V2.Test\Tyuiu.FedorovaDA.Sprint5.Task5.V2.Test.csproj", "{CE5C88C2-469C-4F10-8938-CD7E537D2CAD}"
EndProject
Project("{FAE04EC0-301F-11D3-BF4B-00C04F79EFBC}") = "Tyuiu.FedorovaDA.Sprint5.Task3.V27.Test", "Tyuiu.FedorovaDA.Sprint5.Task3.V27.Test\Tyuiu.FedorovaDA.Sprint5.Task3.V27.Test.csproj", "{7C30DA92-3289-495D-887D-B73F6B4FC82E}"
EndProject
Project("{FAE04EC0-301F-11D3-BF4B-00C04F79EFBC}") = "Tyuiu.FedorovaDA.Sprint5.Task1.V27.Test", "Tyuiu.FedorovaDA.Sprint5.Task1.V27.Test\Tyuiu.FedorovaDA.Sprint5.Task1.V27.Test.csproj", "{EC2AC46B-479A-4A10-86BC-3142F067DBFA}"
EndProject
Project("{FAE04EC0-301F-11D3-BF4B-00C04F79EFBC}") = "Tyuiu.FedorovaDA.Sprint5.Task0.V18.Test", "Tyuiu.FedorovaDA.Sprint5.Task0.V18.Test\Tyuiu.FedorovaDA.Sprint5.Task0.V18.Test.csproj", "{5A3A9260-26CD-4138-92FD-6F7C29E8C9FB}"
EndProject
Project("{FAE04EC0-301F-11D3-BF4B-00C04F79EFBC}") = "Tyuiu.FedorovaDA.Sprint5.Task2.V8.Test", "Tyuiu.FedorovaDA.Sprint5.Task2.V8.Test\Tyuiu.FedorovaDA.Sprint5.Task2.V8.Test.csproj", "{8A3E16B3-5BBD-4EED-A4FB-A10B31DFC151}"
EndProject
Project("{FAE04EC0-301F-11D3-BF4B-00C04F79EFBC}") = "Tyuiu.FedorovaDA.Sprint5.Task7.V12.Test", "Tyuiu.FedorovaDA.Sprint5.Task7.V12.Test\Tyuiu.FedorovaDA.Sprint5.Task7.V12.Test.csproj", "{4E07C836-AE34-4DC9-A2D3-67AC65F4AB43}"
EndProject
Global
	GlobalSection(SolutionConfigurationPlatforms) = preSolution
		Debug|Any CPU = Debug|Any CPU
		Release|Any CPU = Release|Any CPU
	EndGlobalSection
	GlobalSection(ProjectConfigurationPlatforms) = postSolution
		{0DCCBF55-8ECE-419F-8709-829E0A01D70E}.Debug|Any CPU.ActiveCfg = Debug|Any CPU
		{0DCCBF55-8ECE-419F-8709-829E0A01D70E}.Debug|Any CPU.Build.0 = Debug|Any CPU
		{0DCCBF55-8ECE-419F-8709-829E0A01D70E}.Release|Any CPU.ActiveCfg = Release|Any CPU
		{0DCCBF55-8ECE-419F-8709-829E0A01D70E}.Release|Any CPU.Build.0 = Release|Any CPU
		{82A1DC75-B25F-4E0F-A475-CDA298F498A5}.Debug|Any CPU.ActiveCfg = Debug|Any CPU
		{82A1DC75-B25F-4E0F-A475-CDA298F498A5}.Debug|Any CPU.Build.0 = Debug|Any CPU
		{82A1DC75-B25F-4E0F-A475-CDA298F498A5}.Release|Any CPU.ActiveCfg = Release|Any CPU
		{82A1DC75-B25F-4E0F-A475-CDA298F498A5}.Release|Any CPU.Build.0 = Release|Any CPU
		{5DD13E3D-5C7C-41C4-9A74-420B02C1E3A6}.Debug|Any CPU.ActiveCfg = Debug|Any CPU
		{5DD13E3D-5C7C-41C4-9A74-420B02C1E3A6}.Debug|Any CPU.Build.0 = Debug|Any CPU
		{5DD13E3D-5C7C-41C4-9A74-420B02C1E3A6}.Release|Any CPU.ActiveCfg = Release|Any CPU
		{5DD13E3D-5C7C-41C4-9A74-420B02C1E3A6}.Release|Any CPU.Build.0 = Release|Any CPU
		{CE9F415D-2CD5-4C5B-8A78-610385C13044}.Debug|Any CPU.ActiveCfg = Debug|Any CPU
		{CE9F415D-2CD5-4C5B-8A78-610385C13044}.Debug|Any CPU.Build.0 = Debug|Any CPU
		{CE9F415D-2CD5-4C5B-8A78-610385C13044}.Release|Any CPU.ActiveCfg = Release|Any CPU
		{CE9F415D-2CD5-4C5B-8A78-610385C13044}.Release|Any CPU.Build.0 = Release|Any CPU
		{E913B072-7118-43CF-8F2C-D3E0E525DC67}.Debug|Any CPU.ActiveCfg = Debug|Any CPU
		{E913B072-7118-43CF-8F2C-D3E0E525DC67}.Debug|Any CPU.Build.0 = Debug|Any CPU
		{E913B072-7118-43CF-8F2C-D3E0E525DC67}.Release|Any CPU.ActiveCfg = Release|Any CPU
		{E913B072-7118-43CF-8F2C-D3E0E525DC67}.Release|Any CPU.Build.0 = Release|Any CPU
		{7AC8E265-C83D-403C-8193-5C60294BAD2C}.Debug|Any CPU.ActiveCfg = Debug|Any CPU
		{7AC8E265-C83D-403C-8193-5C60294BAD2C}.Debug|Any CPU.Build.0 = Debug|Any CPU
		{7AC8E265-C83D-403C-8193-5C60294BAD2C}.Release|Any CPU.ActiveCfg = Release|Any CPU
		{7AC8E265-C83D-403C-8193-5C60294BAD2C}.Release|Any CPU.Build.0 = Release|Any CPU
		{129CA4AF-893E-4175-A2CF-56D1D2FDA755}.Debug|Any CPU.ActiveCfg = Debug|Any CPU
		{129CA4AF-893E-4175-A2CF-56D1D2FDA755}.Debug|Any CPU.Build.0 = Debug|Any CPU
		{129CA4AF-893E-4175-A2CF-56D1D2FDA755}.Release|Any CPU.ActiveCfg = Release|Any CPU
		{129CA4AF-893E-4175-A2CF-56D1D2FDA755}.Release|Any CPU.Build.0 = Release|Any CPU
		{5358E8E9-FD65-431C-8377-7FA552948B2B}.Debug|Any CPU.ActiveCfg = Debug|Any CPU
		{5358E8E9-FD65-431C-8377-7FA552948B2B}.Debug|Any CPU.Build.0 = Debug|Any CPU
		{5358E8E9-FD65-431C-8377-7FA552948B2B}.Release|Any CPU.ActiveCfg = Release|Any CPU
		{5358E8E9-FD65-431C-8377-7FA552948B2B}.Release|Any CPU.Build.0 = Release|Any CPU
		{8B5AEFD6-04D1-40CE-9821-24F2693B8A16}.Debug|Any CPU.ActiveCfg = Debug|Any CPU
		{8B5AEFD6-04D1-40CE-9821-24F2693B8A16}.Debug|Any CPU.Build.0 = Debug|Any CPU
		{8B5AEFD6-04D1-40CE-9821-24F2693B8A16}.Release|Any CPU.ActiveCfg = Release|Any CPU
		{8B5AEFD6-04D1-40CE-9821-24F2693B8A16}.Release|Any CPU.Build.0 = Release|Any CPU
		{2941A0B1-FE11-4B58-AACD-EAC23722BFC7}.Debug|Any CPU.ActiveCfg = Debug|Any CPU
		{2941A0B1-FE11-4B58-AACD-EAC23722BFC7}.Debug|Any CPU.Build.0 = Debug|Any CPU
		{2941A0B1-FE11-4B58-AACD-EAC23722BFC7}.Release|Any CPU.ActiveCfg = Release|Any CPU
		{2941A0B1-FE11-4B58-AACD-EAC23722BFC7}.Release|Any CPU.Build.0 = Release|Any CPU
		{0EC22700-DDF3-448D-A018-E120AC0A7FD1}.Debug|Any CPU.ActiveCfg = Debug|Any CPU
		{0EC22700-DDF3-448D-A018-E120AC0A7FD1}.Debug|Any CPU.Build.0 = Debug|Any CPU
		{0EC22700-DDF3-448D-A018-E120AC0A7FD1}.Release|Any CPU.ActiveCfg = Release|Any CPU
		{0EC22700-DDF3-448D-A018-E120AC0A7FD1}.Release|Any CPU.Build.0 = Release|Any CPU
		{71E2F6DB-77BD-41C6-B320-0E538C54E46E}.Debug|Any CPU.ActiveCfg = Debug|Any CPU
		{71E2F6DB-77BD-41C6-B320-0E538C54E46E}.Debug|Any CPU.Build.0 = Debug|Any CPU
		{71E2F6DB-77BD-41C6-B320-0E538C54E46E}.Release|Any CPU.ActiveCfg = Release|Any CPU
		{71E2F6DB-77BD-41C6-B320-0E538C54E46E}.Release|Any CPU.Build.0 = Release|Any CPU
		{5F904A62-9528-4A1C-8E9B-CCB413E827DC}.Debug|Any CPU.ActiveCfg = Debug|Any CPU
		{5F904A62-9528-4A1C-8E9B-CCB413E827DC}.Debug|Any CPU.Build.0 = Debug|Any CPU
		{5F904A62-9528-4A1C-8E9B-CCB413E827DC}.Release|Any CPU.ActiveCfg = Release|Any CPU
		{5F904A62-9528-4A1C-8E9B-CCB413E827DC}.Release|Any CPU.Build.0 = Release|Any CPU
		{7EC775C0-0163-4242-AB24-15474F5C2CE5}.Debug|Any CPU.ActiveCfg = Debug|Any CPU
		{7EC775C0-0163-4242-AB24-15474F5C2CE5}.Debug|Any CPU.Build.0 = Debug|Any CPU
		{7EC775C0-0163-4242-AB24-15474F5C2CE5}.Release|Any CPU.ActiveCfg = Release|Any CPU
		{7EC775C0-0163-4242-AB24-15474F5C2CE5}.Release|Any CPU.Build.0 = Release|Any CPU
		{2AF6056B-AEC3-402C-8437-30CE924E8550}.Debug|Any CPU.ActiveCfg = Debug|Any CPU
		{2AF6056B-AEC3-402C-8437-30CE924E8550}.Debug|Any CPU.Build.0 = Debug|Any CPU
		{2AF6056B-AEC3-402C-8437-30CE924E8550}.Release|Any CPU.ActiveCfg = Release|Any CPU
		{2AF6056B-AEC3-402C-8437-30CE924E8550}.Release|Any CPU.Build.0 = Release|Any CPU
		{E347A2C8-2A24-4F9B-AF74-EBF566C410CA}.Debug|Any CPU.ActiveCfg = Debug|Any CPU
		{E347A2C8-2A24-4F9B-AF74-EBF566C410CA}.Debug|Any CPU.Build.0 = Debug|Any CPU
		{E347A2C8-2A24-4F9B-AF74-EBF566C410CA}.Release|Any CPU.ActiveCfg = Release|Any CPU
		{E347A2C8-2A24-4F9B-AF74-EBF566C410CA}.Release|Any CPU.Build.0 = Release|Any CPU
		{17DD5A77-629B-475A-B180-2D332917CC60}.Debug|Any CPU.ActiveCfg = Debug|Any CPU
		{17DD5A77-629B-475A-B180-2D332917CC60}.Debug|Any CPU.Build.0 = Debug|Any CPU
		{17DD5A77-629B-475A-B180-2D332917CC60}.Release|Any CPU.ActiveCfg = Release|Any CPU
		{17DD5A77-629B-475A-B180-2D332917CC60}.Release|Any CPU.Build.0 = Release|Any CPU
		{CE5C88C2-469C-4F10-8938-CD7E537D2CAD}.Debug|Any CPU.ActiveCfg = Debug|Any CPU
		{CE5C88C2-469C-4F10-8938-CD7E537D2CAD}.Debug|Any CPU.Build.0 = Debug|Any CPU
		{CE5C88C2-469C-4F10-8938-CD7E537D2CAD}.Release|Any CPU.ActiveCfg = Release|Any CPU
		{CE5C88C2-469C-4F10-8938-CD7E537D2CAD}.Release|Any CPU.Build.0 = Release|Any CPU
		{7C30DA92-3289-495D-887D-B73F6B4FC82E}.Debug|Any CPU.ActiveCfg = Debug|Any CPU
		{7C30DA92-3289-495D-887D-B73F6B4FC82E}.Debug|Any CPU.Build.0 = Debug|Any CPU
		{7C30DA92-3289-495D-887D-B73F6B4FC82E}.Release|Any CPU.ActiveCfg = Release|Any CPU
		{7C30DA92-3289-495D-887D-B73F6B4FC82E}.Release|Any CPU.Build.0 = Release|Any CPU
		{EC2AC46B-479A-4A10-86BC-3142F067DBFA}.Debug|Any CPU.ActiveCfg = Debug|Any CPU
		{EC2AC46B-479A-4A10-86BC-3142F067DBFA}.Debug|Any CPU.Build.0 = Debug|Any CPU
		{EC2AC46B-479A-4A10-86BC-3142F067DBFA}.Release|Any CPU.ActiveCfg = Release|Any CPU
		{EC2AC46B-479A-4A10-86BC-3142F067DBFA}.Release|Any CPU.Build.0 = Release|Any CPU
		{5A3A9260-26CD-4138-92FD-6F7C29E8C9FB}.Debug|Any CPU.ActiveCfg = Debug|Any CPU
		{5A3A9260-26CD-4138-92FD-6F7C29E8C9FB}.Debug|Any CPU.Build.0 = Debug|Any CPU
		{5A3A9260-26CD-4138-92FD-6F7C29E8C9FB}.Release|Any CPU.ActiveCfg = Release|Any CPU
		{5A3A9260-26CD-4138-92FD-6F7C29E8C9FB}.Release|Any CPU.Build.0 = Release|Any CPU
		{8A3E16B3-5BBD-4EED-A4FB-A10B31DFC151}.Debug|Any CPU.ActiveCfg = Debug|Any CPU
		{8A3E16B3-5BBD-4EED-A4FB-A10B31DFC151}.Debug|Any CPU.Build.0 = Debug|Any CPU
		{8A3E16B3-5BBD-4EED-A4FB-A10B31DFC151}.Release|Any CPU.ActiveCfg = Release|Any CPU
		{8A3E16B3-5BBD-4EED-A4FB-A10B31DFC151}.Release|Any CPU.Build.0 = Release|Any CPU
		{4E07C836-AE34-4DC9-A2D3-67AC65F4AB43}.Debug|Any CPU.ActiveCfg = Debug|Any CPU
		{4E07C836-AE34-4DC9-A2D3-67AC65F4AB43}.Debug|Any CPU.Build.0 = Debug|Any CPU
		{4E07C836-AE34-4DC9-A2D3-67AC65F4AB43}.Release|Any CPU.ActiveCfg = Release|Any CPU
		{4E07C836-AE34-4DC9-A2D3-67AC65F4AB43}.Release|Any CPU.Build.0 = Release|Any CPU
	EndGlobalSection
	GlobalSection(SolutionProperties) = preSolution
		HideSolutionNode = FALSE
	EndGlobalSection
	GlobalSection(NestedProjects) = preSolution
		{0DCCBF55-8ECE-419F-8709-829E0A01D70E} = {7266749F-9364-4CE8-98F6-A759546DA393}
		{82A1DC75-B25F-4E0F-A475-CDA298F498A5} = {7266749F-9364-4CE8-98F6-A759546DA393}
		{5DD13E3D-5C7C-41C4-9A74-420B02C1E3A6} = {8FD2029D-6DAF-4BF7-A105-4EF350CEB16C}
		{CE9F415D-2CD5-4C5B-8A78-610385C13044} = {8FD2029D-6DAF-4BF7-A105-4EF350CEB16C}
		{E913B072-7118-43CF-8F2C-D3E0E525DC67} = {98157746-6C34-4D45-AE15-F8B62CBB2D0B}
		{7AC8E265-C83D-403C-8193-5C60294BAD2C} = {98157746-6C34-4D45-AE15-F8B62CBB2D0B}
		{129CA4AF-893E-4175-A2CF-56D1D2FDA755} = {93916D2D-A059-40A6-BDBD-9A3FD37A3AE3}
		{5358E8E9-FD65-431C-8377-7FA552948B2B} = {93916D2D-A059-40A6-BDBD-9A3FD37A3AE3}
		{8B5AEFD6-04D1-40CE-9821-24F2693B8A16} = {522E73EE-9053-4BE4-A070-C6EA09D0F73D}
		{2941A0B1-FE11-4B58-AACD-EAC23722BFC7} = {522E73EE-9053-4BE4-A070-C6EA09D0F73D}
		{0EC22700-DDF3-448D-A018-E120AC0A7FD1} = {2617F809-F8E7-4E00-8E55-06872583F3AB}
		{71E2F6DB-77BD-41C6-B320-0E538C54E46E} = {2617F809-F8E7-4E00-8E55-06872583F3AB}
		{5F904A62-9528-4A1C-8E9B-CCB413E827DC} = {BF3ED21D-4757-403E-B90E-8D7322B4B5D7}
		{7EC775C0-0163-4242-AB24-15474F5C2CE5} = {BF3ED21D-4757-403E-B90E-8D7322B4B5D7}
		{2AF6056B-AEC3-402C-8437-30CE924E8550} = {BF3ED21D-4757-403E-B90E-8D7322B4B5D7}
		{E347A2C8-2A24-4F9B-AF74-EBF566C410CA} = {75035D69-8B02-4977-838E-0866FAE8D45C}
		{17DD5A77-629B-475A-B180-2D332917CC60} = {75035D69-8B02-4977-838E-0866FAE8D45C}
		{CE5C88C2-469C-4F10-8938-CD7E537D2CAD} = {75035D69-8B02-4977-838E-0866FAE8D45C}
		{7C30DA92-3289-495D-887D-B73F6B4FC82E} = {93916D2D-A059-40A6-BDBD-9A3FD37A3AE3}
		{EC2AC46B-479A-4A10-86BC-3142F067DBFA} = {8FD2029D-6DAF-4BF7-A105-4EF350CEB16C}
		{5A3A9260-26CD-4138-92FD-6F7C29E8C9FB} = {7266749F-9364-4CE8-98F6-A759546DA393}
		{8A3E16B3-5BBD-4EED-A4FB-A10B31DFC151} = {98157746-6C34-4D45-AE15-F8B62CBB2D0B}
		{4E07C836-AE34-4DC9-A2D3-67AC65F4AB43} = {2617F809-F8E7-4E00-8E55-06872583F3AB}
	EndGlobalSection
	GlobalSection(ExtensibilityGlobals) = postSolution
		SolutionGuid = {A043FFCD-97C0-4531-8C90-4640D6704967}
	EndGlobalSection
EndGlobal
